
Microsoft Visual Studio Solution File, Format Version 12.00
# Visual Studio Version 17
VisualStudioVersion = 17.7.34031.279
MinimumVisualStudioVersion = 10.0.40219.1
Project("{FAE04EC0-301F-11D3-BF4B-00C04F79EFBC}") = "CyberArk.PSM.GenerateTOTPPreconnect", "CyberArk.PSM.GenerateTOTPPreconnect\CyberArk.PSM.GenerateTOTPPreconnect.csproj", "{5879F87D-4C16-4F7A-B616-6F9F44DDE011}"
EndProject
Global
	GlobalSection(SolutionConfigurationPlatforms) = preSolution
		Debug|Any CPU = Debug|Any CPU
		Release|Any CPU = Release|Any CPU
	EndGlobalSection
	GlobalSection(ProjectConfigurationPlatforms) = postSolution
		{5879F87D-4C16-4F7A-B616-6F9F44DDE011}.Debug|Any CPU.ActiveCfg = Debug|Any CPU
		{5879F87D-4C16-4F7A-B616-6F9F44DDE011}.Debug|Any CPU.Build.0 = Debug|Any CPU
		{5879F87D-4C16-4F7A-B616-6F9F44DDE011}.Release|Any CPU.ActiveCfg = Release|Any CPU
		{5879F87D-4C16-4F7A-B616-6F9F44DDE011}.Release|Any CPU.Build.0 = Release|Any CPU
	EndGlobalSection
	GlobalSection(SolutionProperties) = preSolution
		HideSolutionNode = FALSE
	EndGlobalSection
	GlobalSection(ExtensibilityGlobals) = postSolution
		SolutionGuid = {C186089E-AC4E-4CB3-9723-6E037992C1AE}
	EndGlobalSection
EndGlobal
